// !$*UTF8*$!
{
	archiveVersion = 1;
	classes = {
	};
	objectVersion = 77;
	objects = {

/* Begin PBXBuildFile section */
		2C12BAFE2D6E532F005AC0B0 /* ElevenLabsSDK in Frameworks */ = {isa = PBXBuildFile; productRef = 2C12BAFD2D6E532F005AC0B0 /* ElevenLabsSDK */; };
		2CD9D0302D801CF1007F31A0 /* SDWebImageSwiftUI in Frameworks */ = {isa = PBXBuildFile; productRef = 2CD9D02F2D801CF1007F31A0 /* SDWebImageSwiftUI */; };
		2CD9D03C2D8146DE007F31A0 /* FirebaseAnalytics in Frameworks */ = {isa = PBXBuildFile; productRef = 2CD9D03B2D8146DE007F31A0 /* FirebaseAnalytics */; };
		2CD9D03E2D8146DE007F31A0 /* FirebaseAnalyticsOnDeviceConversion in Frameworks */ = {isa = PBXBuildFile; productRef = 2CD9D03D2D8146DE007F31A0 /* FirebaseAnalyticsOnDeviceConversion */; };
		2CD9D0402D8146DE007F31A0 /* FirebaseAnalyticsWithoutAdIdSupport in Frameworks */ = {isa = PBXBuildFile; productRef = 2CD9D03F2D8146DE007F31A0 /* FirebaseAnalyticsWithoutAdIdSupport */; };
		2CD9D0422D8146DE007F31A0 /* FirebaseAppCheck in Frameworks */ = {isa = PBXBuildFile; productRef = 2CD9D0412D8146DE007F31A0 /* FirebaseAppCheck */; };
		2CD9D0442D8146DE007F31A0 /* FirebaseAppDistribution-Beta in Frameworks */ = {isa = PBXBuildFile; productRef = 2CD9D0432D8146DE007F31A0 /* FirebaseAppDistribution-Beta */; };
		2CD9D0462D8146DE007F31A0 /* FirebaseAuth in Frameworks */ = {isa = PBXBuildFile; productRef = 2CD9D0452D8146DE007F31A0 /* FirebaseAuth */; };
		2CD9D0482D8146DE007F31A0 /* FirebaseAuthCombine-Community in Frameworks */ = {isa = PBXBuildFile; productRef = 2CD9D0472D8146DE007F31A0 /* FirebaseAuthCombine-Community */; };
		2CD9D04A2D8146DE007F31A0 /* FirebaseCore in Frameworks */ = {isa = PBXBuildFile; productRef = 2CD9D0492D8146DE007F31A0 /* FirebaseCore */; };
		2CD9D04C2D8146DE007F31A0 /* FirebaseDatabase in Frameworks */ = {isa = PBXBuildFile; productRef = 2CD9D04B2D8146DE007F31A0 /* FirebaseDatabase */; };
		2CD9D04E2D8146DE007F31A0 /* FirebaseFirestore in Frameworks */ = {isa = PBXBuildFile; productRef = 2CD9D04D2D8146DE007F31A0 /* FirebaseFirestore */; };
		2CD9D0502D8146DE007F31A0 /* FirebaseFunctions in Frameworks */ = {isa = PBXBuildFile; productRef = 2CD9D04F2D8146DE007F31A0 /* FirebaseFunctions */; };
		2CD9D0522D8146DE007F31A0 /* FirebaseInAppMessaging-Beta in Frameworks */ = {isa = PBXBuildFile; productRef = 2CD9D0512D8146DE007F31A0 /* FirebaseInAppMessaging-Beta */; };
		2CD9D0542D8146DE007F31A0 /* FirebaseStorage in Frameworks */ = {isa = PBXBuildFile; productRef = 2CD9D0532D8146DE007F31A0 /* FirebaseStorage */; };
/* End PBXBuildFile section */

/* Begin PBXContainerItemProxy section */
		2C12BAB62D6E50D0005AC0B0 /* PBXContainerItemProxy */ = {
			isa = PBXContainerItemProxy;
			containerPortal = 2C12BA9D2D6E50CF005AC0B0 /* Project object */;
			proxyType = 1;
			remoteGlobalIDString = 2C12BAA42D6E50CF005AC0B0;
			remoteInfo = KneeRecoveryApp;
		};
		2C12BAC02D6E50D0005AC0B0 /* PBXContainerItemProxy */ = {
			isa = PBXContainerItemProxy;
			containerPortal = 2C12BA9D2D6E50CF005AC0B0 /* Project object */;
			proxyType = 1;
			remoteGlobalIDString = 2C12BAA42D6E50CF005AC0B0;
			remoteInfo = KneeRecoveryApp;
		};
/* End PBXContainerItemProxy section */

/* Begin PBXFileReference section */
		2C12BAA52D6E50CF005AC0B0 /* KneeRecoveryApp.app */ = {isa = PBXFileReference; explicitFileType = wrapper.application; includeInIndex = 0; path = KneeRecoveryApp.app; sourceTree = BUILT_PRODUCTS_DIR; };
		2C12BAB52D6E50D0005AC0B0 /* KneeRecoveryAppTests.xctest */ = {isa = PBXFileReference; explicitFileType = wrapper.cfbundle; includeInIndex = 0; path = KneeRecoveryAppTests.xctest; sourceTree = BUILT_PRODUCTS_DIR; };
		2C12BABF2D6E50D0005AC0B0 /* KneeRecoveryAppUITests.xctest */ = {isa = PBXFileReference; explicitFileType = wrapper.cfbundle; includeInIndex = 0; path = KneeRecoveryAppUITests.xctest; sourceTree = BUILT_PRODUCTS_DIR; };
/* End PBXFileReference section */

/* Begin PBXFileSystemSynchronizedBuildFileExceptionSet section */
		2CD9D0382D814617007F31A0 /* Exceptions for "KneeRecoveryApp" folder in "KneeRecoveryAppTests" target */ = {
			isa = PBXFileSystemSynchronizedBuildFileExceptionSet;
			membershipExceptions = (
				"GoogleService-Info.plist",
			);
			target = 2C12BAB42D6E50D0005AC0B0 /* KneeRecoveryAppTests */;
		};
		2CD9D0392D814617007F31A0 /* Exceptions for "KneeRecoveryApp" folder in "KneeRecoveryAppUITests" target */ = {
			isa = PBXFileSystemSynchronizedBuildFileExceptionSet;
			membershipExceptions = (
				"GoogleService-Info.plist",
			);
			target = 2C12BABE2D6E50D0005AC0B0 /* KneeRecoveryAppUITests */;
		};
		2CD9D0572D814A0F007F31A0 /* Exceptions for "KneeRecoveryApp" folder in "KneeRecoveryApp" target */ = {
			isa = PBXFileSystemSynchronizedBuildFileExceptionSet;
			membershipExceptions = (
				Info.plist,
			);
			target = 2C12BAA42D6E50CF005AC0B0 /* KneeRecoveryApp */;
		};
/* End PBXFileSystemSynchronizedBuildFileExceptionSet section */

/* Begin PBXFileSystemSynchronizedRootGroup section */
		2C12BAA72D6E50CF005AC0B0 /* KneeRecoveryApp */ = {
			isa = PBXFileSystemSynchronizedRootGroup;
			exceptions = (
				2CD9D0572D814A0F007F31A0 /* Exceptions for "KneeRecoveryApp" folder in "KneeRecoveryApp" target */,
				2CD9D0382D814617007F31A0 /* Exceptions for "KneeRecoveryApp" folder in "KneeRecoveryAppTests" target */,
				2CD9D0392D814617007F31A0 /* Exceptions for "KneeRecoveryApp" folder in "KneeRecoveryAppUITests" target */,
			);
			path = KneeRecoveryApp;
			sourceTree = "<group>";
		};
		2C12BAB82D6E50D0005AC0B0 /* KneeRecoveryAppTests */ = {
			isa = PBXFileSystemSynchronizedRootGroup;
			path = KneeRecoveryAppTests;
			sourceTree = "<group>";
		};
		2C12BAC22D6E50D0005AC0B0 /* KneeRecoveryAppUITests */ = {
			isa = PBXFileSystemSynchronizedRootGroup;
			path = KneeRecoveryAppUITests;
			sourceTree = "<group>";
		};
/* End PBXFileSystemSynchronizedRootGroup section */

/* Begin PBXFrameworksBuildPhase section */
		2C12BAA22D6E50CF005AC0B0 /* Frameworks */ = {
			isa = PBXFrameworksBuildPhase;
			buildActionMask = 2147483647;
			files = (
				2CD9D0442D8146DE007F31A0 /* FirebaseAppDistribution-Beta in Frameworks */,
				2CD9D0522D8146DE007F31A0 /* FirebaseInAppMessaging-Beta in Frameworks */,
				2CD9D0482D8146DE007F31A0 /* FirebaseAuthCombine-Community in Frameworks */,
				2CD9D0302D801CF1007F31A0 /* SDWebImageSwiftUI in Frameworks */,
				2CD9D0402D8146DE007F31A0 /* FirebaseAnalyticsWithoutAdIdSupport in Frameworks */,
				2C12BAFE2D6E532F005AC0B0 /* ElevenLabsSDK in Frameworks */,
				2CD9D04E2D8146DE007F31A0 /* FirebaseFirestore in Frameworks */,
				2CD9D03C2D8146DE007F31A0 /* FirebaseAnalytics in Frameworks */,
				2CD9D0542D8146DE007F31A0 /* FirebaseStorage in Frameworks */,
				2CD9D04A2D8146DE007F31A0 /* FirebaseCore in Frameworks */,
				2CD9D0422D8146DE007F31A0 /* FirebaseAppCheck in Frameworks */,
				2CD9D0502D8146DE007F31A0 /* FirebaseFunctions in Frameworks */,
				2CD9D04C2D8146DE007F31A0 /* FirebaseDatabase in Frameworks */,
				2CD9D03E2D8146DE007F31A0 /* FirebaseAnalyticsOnDeviceConversion in Frameworks */,
				2CD9D0462D8146DE007F31A0 /* FirebaseAuth in Frameworks */,
			);
			runOnlyForDeploymentPostprocessing = 0;
		};
		2C12BAB22D6E50D0005AC0B0 /* Frameworks */ = {
			isa = PBXFrameworksBuildPhase;
			buildActionMask = 2147483647;
			files = (
			);
			runOnlyForDeploymentPostprocessing = 0;
		};
		2C12BABC2D6E50D0005AC0B0 /* Frameworks */ = {
			isa = PBXFrameworksBuildPhase;
			buildActionMask = 2147483647;
			files = (
			);
			runOnlyForDeploymentPostprocessing = 0;
		};
/* End PBXFrameworksBuildPhase section */

/* Begin PBXGroup section */
		2C12BA9C2D6E50CF005AC0B0 = {
			isa = PBXGroup;
			children = (
				2C12BAA72D6E50CF005AC0B0 /* KneeRecoveryApp */,
				2C12BAB82D6E50D0005AC0B0 /* KneeRecoveryAppTests */,
				2C12BAC22D6E50D0005AC0B0 /* KneeRecoveryAppUITests */,
				2C12BAA62D6E50CF005AC0B0 /* Products */,
			);
			sourceTree = "<group>";
		};
		2C12BAA62D6E50CF005AC0B0 /* Products */ = {
			isa = PBXGroup;
			children = (
				2C12BAA52D6E50CF005AC0B0 /* KneeRecoveryApp.app */,
				2C12BAB52D6E50D0005AC0B0 /* KneeRecoveryAppTests.xctest */,
				2C12BABF2D6E50D0005AC0B0 /* KneeRecoveryAppUITests.xctest */,
			);
			name = Products;
			sourceTree = "<group>";
		};
/* End PBXGroup section */

/* Begin PBXNativeTarget section */
		2C12BAA42D6E50CF005AC0B0 /* KneeRecoveryApp */ = {
			isa = PBXNativeTarget;
			buildConfigurationList = 2C12BAC92D6E50D0005AC0B0 /* Build configuration list for PBXNativeTarget "KneeRecoveryApp" */;
			buildPhases = (
				2C12BAA12D6E50CF005AC0B0 /* Sources */,
				2C12BAA22D6E50CF005AC0B0 /* Frameworks */,
				2C12BAA32D6E50CF005AC0B0 /* Resources */,
			);
			buildRules = (
			);
			dependencies = (
			);
			fileSystemSynchronizedGroups = (
				2C12BAA72D6E50CF005AC0B0 /* KneeRecoveryApp */,
			);
			name = KneeRecoveryApp;
			packageProductDependencies = (
				2C12BAFD2D6E532F005AC0B0 /* ElevenLabsSDK */,
				2CD9D02F2D801CF1007F31A0 /* SDWebImageSwiftUI */,
				2CD9D03B2D8146DE007F31A0 /* FirebaseAnalytics */,
				2CD9D03D2D8146DE007F31A0 /* FirebaseAnalyticsOnDeviceConversion */,
				2CD9D03F2D8146DE007F31A0 /* FirebaseAnalyticsWithoutAdIdSupport */,
				2CD9D0412D8146DE007F31A0 /* FirebaseAppCheck */,
				2CD9D0432D8146DE007F31A0 /* FirebaseAppDistribution-Beta */,
				2CD9D0452D8146DE007F31A0 /* FirebaseAuth */,
				2CD9D0472D8146DE007F31A0 /* FirebaseAuthCombine-Community */,
				2CD9D0492D8146DE007F31A0 /* FirebaseCore */,
				2CD9D04B2D8146DE007F31A0 /* FirebaseDatabase */,
				2CD9D04D2D8146DE007F31A0 /* FirebaseFirestore */,
				2CD9D04F2D8146DE007F31A0 /* FirebaseFunctions */,
				2CD9D0512D8146DE007F31A0 /* FirebaseInAppMessaging-Beta */,
				2CD9D0532D8146DE007F31A0 /* FirebaseStorage */,
			);
			productName = KneeRecoveryApp;
			productReference = 2C12BAA52D6E50CF005AC0B0 /* KneeRecoveryApp.app */;
			productType = "com.apple.product-type.application";
		};
		2C12BAB42D6E50D0005AC0B0 /* KneeRecoveryAppTests */ = {
			isa = PBXNativeTarget;
			buildConfigurationList = 2C12BACC2D6E50D0005AC0B0 /* Build configuration list for PBXNativeTarget "KneeRecoveryAppTests" */;
			buildPhases = (
				2C12BAB12D6E50D0005AC0B0 /* Sources */,
				2C12BAB22D6E50D0005AC0B0 /* Frameworks */,
				2C12BAB32D6E50D0005AC0B0 /* Resources */,
			);
			buildRules = (
			);
			dependencies = (
				2C12BAB72D6E50D0005AC0B0 /* PBXTargetDependency */,
			);
			fileSystemSynchronizedGroups = (
				2C12BAB82D6E50D0005AC0B0 /* KneeRecoveryAppTests */,
			);
			name = KneeRecoveryAppTests;
			packageProductDependencies = (
			);
			productName = KneeRecoveryAppTests;
			productReference = 2C12BAB52D6E50D0005AC0B0 /* KneeRecoveryAppTests.xctest */;
			productType = "com.apple.product-type.bundle.unit-test";
		};
		2C12BABE2D6E50D0005AC0B0 /* KneeRecoveryAppUITests */ = {
			isa = PBXNativeTarget;
			buildConfigurationList = 2C12BACF2D6E50D0005AC0B0 /* Build configuration list for PBXNativeTarget "KneeRecoveryAppUITests" */;
			buildPhases = (
				2C12BABB2D6E50D0005AC0B0 /* Sources */,
				2C12BABC2D6E50D0005AC0B0 /* Frameworks */,
				2C12BABD2D6E50D0005AC0B0 /* Resources */,
			);
			buildRules = (
			);
			dependencies = (
				2C12BAC12D6E50D0005AC0B0 /* PBXTargetDependency */,
			);
			fileSystemSynchronizedGroups = (
				2C12BAC22D6E50D0005AC0B0 /* KneeRecoveryAppUITests */,
			);
			name = KneeRecoveryAppUITests;
			packageProductDependencies = (
			);
			productName = KneeRecoveryAppUITests;
			productReference = 2C12BABF2D6E50D0005AC0B0 /* KneeRecoveryAppUITests.xctest */;
			productType = "com.apple.product-type.bundle.ui-testing";
		};
/* End PBXNativeTarget section */

/* Begin PBXProject section */
		2C12BA9D2D6E50CF005AC0B0 /* Project object */ = {
			isa = PBXProject;
			attributes = {
				BuildIndependentTargetsInParallel = 1;
				LastSwiftUpdateCheck = 1620;
				LastUpgradeCheck = 1620;
				TargetAttributes = {
					2C12BAA42D6E50CF005AC0B0 = {
						CreatedOnToolsVersion = 16.2;
					};
					2C12BAB42D6E50D0005AC0B0 = {
						CreatedOnToolsVersion = 16.2;
						TestTargetID = 2C12BAA42D6E50CF005AC0B0;
					};
					2C12BABE2D6E50D0005AC0B0 = {
						CreatedOnToolsVersion = 16.2;
						TestTargetID = 2C12BAA42D6E50CF005AC0B0;
					};
				};
			};
			buildConfigurationList = 2C12BAA02D6E50CF005AC0B0 /* Build configuration list for PBXProject "KneeRecoveryApp" */;
			developmentRegion = en;
			hasScannedForEncodings = 0;
			knownRegions = (
				en,
				Base,
			);
			mainGroup = 2C12BA9C2D6E50CF005AC0B0;
			minimizedProjectReferenceProxies = 1;
			packageReferences = (
				2C12BAFC2D6E532F005AC0B0 /* XCRemoteSwiftPackageReference "ElevenLabsSwift" */,
				2CD9D02E2D801CF1007F31A0 /* XCRemoteSwiftPackageReference "SDWebImageSwiftUI" */,
				2CD9D03A2D8146DE007F31A0 /* XCRemoteSwiftPackageReference "firebase-ios-sdk" */,
			);
			preferredProjectObjectVersion = 77;
			productRefGroup = 2C12BAA62D6E50CF005AC0B0 /* Products */;
			projectDirPath = "";
			projectRoot = "";
			targets = (
				2C12BAA42D6E50CF005AC0B0 /* KneeRecoveryApp */,
				2C12BAB42D6E50D0005AC0B0 /* KneeRecoveryAppTests */,
				2C12BABE2D6E50D0005AC0B0 /* KneeRecoveryAppUITests */,
			);
		};
/* End PBXProject section */

/* Begin PBXResourcesBuildPhase section */
		2C12BAA32D6E50CF005AC0B0 /* Resources */ = {
			isa = PBXResourcesBuildPhase;
			buildActionMask = 2147483647;
			files = (
			);
			runOnlyForDeploymentPostprocessing = 0;
		};
		2C12BAB32D6E50D0005AC0B0 /* Resources */ = {
			isa = PBXResourcesBuildPhase;
			buildActionMask = 2147483647;
			files = (
			);
			runOnlyForDeploymentPostprocessing = 0;
		};
		2C12BABD2D6E50D0005AC0B0 /* Resources */ = {
			isa = PBXResourcesBuildPhase;
			buildActionMask = 2147483647;
			files = (
			);
			runOnlyForDeploymentPostprocessing = 0;
		};
/* End PBXResourcesBuildPhase section */

/* Begin PBXSourcesBuildPhase section */
		2C12BAA12D6E50CF005AC0B0 /* Sources */ = {
			isa = PBXSourcesBuildPhase;
			buildActionMask = 2147483647;
			files = (
			);
			runOnlyForDeploymentPostprocessing = 0;
		};
		2C12BAB12D6E50D0005AC0B0 /* Sources */ = {
			isa = PBXSourcesBuildPhase;
			buildActionMask = 2147483647;
			files = (
			);
			runOnlyForDeploymentPostprocessing = 0;
		};
		2C12BABB2D6E50D0005AC0B0 /* Sources */ = {
			isa = PBXSourcesBuildPhase;
			buildActionMask = 2147483647;
			files = (
			);
			runOnlyForDeploymentPostprocessing = 0;
		};
/* End PBXSourcesBuildPhase section */

/* Begin PBXTargetDependency section */
		2C12BAB72D6E50D0005AC0B0 /* PBXTargetDependency */ = {
			isa = PBXTargetDependency;
			target = 2C12BAA42D6E50CF005AC0B0 /* KneeRecoveryApp */;
			targetProxy = 2C12BAB62D6E50D0005AC0B0 /* PBXContainerItemProxy */;
		};
		2C12BAC12D6E50D0005AC0B0 /* PBXTargetDependency */ = {
			isa = PBXTargetDependency;
			target = 2C12BAA42D6E50CF005AC0B0 /* KneeRecoveryApp */;
			targetProxy = 2C12BAC02D6E50D0005AC0B0 /* PBXContainerItemProxy */;
		};
/* End PBXTargetDependency section */

/* Begin XCBuildConfiguration section */
		2C12BAC72D6E50D0005AC0B0 /* Debug */ = {
			isa = XCBuildConfiguration;
			buildSettings = {
				ALWAYS_SEARCH_USER_PATHS = NO;
				ASSETCATALOG_COMPILER_GENERATE_SWIFT_ASSET_SYMBOL_EXTENSIONS = YES;
				CLANG_ANALYZER_NONNULL = YES;
				CLANG_ANALYZER_NUMBER_OBJECT_CONVERSION = YES_AGGRESSIVE;
				CLANG_CXX_LANGUAGE_STANDARD = "gnu++20";
				CLANG_ENABLE_MODULES = YES;
				CLANG_ENABLE_OBJC_ARC = YES;
				CLANG_ENABLE_OBJC_WEAK = YES;
				CLANG_WARN_BLOCK_CAPTURE_AUTORELEASING = YES;
				CLANG_WARN_BOOL_CONVERSION = YES;
				CLANG_WARN_COMMA = YES;
				CLANG_WARN_CONSTANT_CONVERSION = YES;
				CLANG_WARN_DEPRECATED_OBJC_IMPLEMENTATIONS = YES;
				CLANG_WARN_DIRECT_OBJC_ISA_USAGE = YES_ERROR;
				CLANG_WARN_DOCUMENTATION_COMMENTS = YES;
				CLANG_WARN_EMPTY_BODY = YES;
				CLANG_WARN_ENUM_CONVERSION = YES;
				CLANG_WARN_INFINITE_RECURSION = YES;
				CLANG_WARN_INT_CONVERSION = YES;
				CLANG_WARN_NON_LITERAL_NULL_CONVERSION = YES;
				CLANG_WARN_OBJC_IMPLICIT_RETAIN_SELF = YES;
				CLANG_WARN_OBJC_LITERAL_CONVERSION = YES;
				CLANG_WARN_OBJC_ROOT_CLASS = YES_ERROR;
				CLANG_WARN_QUOTED_INCLUDE_IN_FRAMEWORK_HEADER = YES;
				CLANG_WARN_RANGE_LOOP_ANALYSIS = YES;
				CLANG_WARN_STRICT_PROTOTYPES = YES;
				CLANG_WARN_SUSPICIOUS_MOVE = YES;
				CLANG_WARN_UNGUARDED_AVAILABILITY = YES_AGGRESSIVE;
				CLANG_WARN_UNREACHABLE_CODE = YES;
				CLANG_WARN__DUPLICATE_METHOD_MATCH = YES;
				COPY_PHASE_STRIP = NO;
				DEBUG_INFORMATION_FORMAT = dwarf;
				ENABLE_STRICT_OBJC_MSGSEND = YES;
				ENABLE_TESTABILITY = YES;
				ENABLE_USER_SCRIPT_SANDBOXING = YES;
				GCC_C_LANGUAGE_STANDARD = gnu17;
				GCC_DYNAMIC_NO_PIC = NO;
				GCC_NO_COMMON_BLOCKS = YES;
				GCC_OPTIMIZATION_LEVEL = 0;
				GCC_PREPROCESSOR_DEFINITIONS = (
					"DEBUG=1",
					"$(inherited)",
				);
				GCC_WARN_64_TO_32_BIT_CONVERSION = YES;
				GCC_WARN_ABOUT_RETURN_TYPE = YES_ERROR;
				GCC_WARN_UNDECLARED_SELECTOR = YES;
				GCC_WARN_UNINITIALIZED_AUTOS = YES_AGGRESSIVE;
				GCC_WARN_UNUSED_FUNCTION = YES;
				GCC_WARN_UNUSED_VARIABLE = YES;
				IPHONEOS_DEPLOYMENT_TARGET = 18.2;
				LOCALIZATION_PREFERS_STRING_CATALOGS = YES;
				MTL_ENABLE_DEBUG_INFO = INCLUDE_SOURCE;
				MTL_FAST_MATH = YES;
				ONLY_ACTIVE_ARCH = YES;
				SDKROOT = iphoneos;
				SWIFT_ACTIVE_COMPILATION_CONDITIONS = "DEBUG $(inherited)";
				SWIFT_OPTIMIZATION_LEVEL = "-Onone";
			};
			name = Debug;
		};
		2C12BAC82D6E50D0005AC0B0 /* Release */ = {
			isa = XCBuildConfiguration;
			buildSettings = {
				ALWAYS_SEARCH_USER_PATHS = NO;
				ASSETCATALOG_COMPILER_GENERATE_SWIFT_ASSET_SYMBOL_EXTENSIONS = YES;
				CLANG_ANALYZER_NONNULL = YES;
				CLANG_ANALYZER_NUMBER_OBJECT_CONVERSION = YES_AGGRESSIVE;
				CLANG_CXX_LANGUAGE_STANDARD = "gnu++20";
				CLANG_ENABLE_MODULES = YES;
				CLANG_ENABLE_OBJC_ARC = YES;
				CLANG_ENABLE_OBJC_WEAK = YES;
				CLANG_WARN_BLOCK_CAPTURE_AUTORELEASING = YES;
				CLANG_WARN_BOOL_CONVERSION = YES;
				CLANG_WARN_COMMA = YES;
				CLANG_WARN_CONSTANT_CONVERSION = YES;
				CLANG_WARN_DEPRECATED_OBJC_IMPLEMENTATIONS = YES;
				CLANG_WARN_DIRECT_OBJC_ISA_USAGE = YES_ERROR;
				CLANG_WARN_DOCUMENTATION_COMMENTS = YES;
				CLANG_WARN_EMPTY_BODY = YES;
				CLANG_WARN_ENUM_CONVERSION = YES;
				CLANG_WARN_INFINITE_RECURSION = YES;
				CLANG_WARN_INT_CONVERSION = YES;
				CLANG_WARN_NON_LITERAL_NULL_CONVERSION = YES;
				CLANG_WARN_OBJC_IMPLICIT_RETAIN_SELF = YES;
				CLANG_WARN_OBJC_LITERAL_CONVERSION = YES;
				CLANG_WARN_OBJC_ROOT_CLASS = YES_ERROR;
				CLANG_WARN_QUOTED_INCLUDE_IN_FRAMEWORK_HEADER = YES;
				CLANG_WARN_RANGE_LOOP_ANALYSIS = YES;
				CLANG_WARN_STRICT_PROTOTYPES = YES;
				CLANG_WARN_SUSPICIOUS_MOVE = YES;
				CLANG_WARN_UNGUARDED_AVAILABILITY = YES_AGGRESSIVE;
				CLANG_WARN_UNREACHABLE_CODE = YES;
				CLANG_WARN__DUPLICATE_METHOD_MATCH = YES;
				COPY_PHASE_STRIP = NO;
				DEBUG_INFORMATION_FORMAT = "dwarf-with-dsym";
				ENABLE_NS_ASSERTIONS = NO;
				ENABLE_STRICT_OBJC_MSGSEND = YES;
				ENABLE_USER_SCRIPT_SANDBOXING = YES;
				GCC_C_LANGUAGE_STANDARD = gnu17;
				GCC_NO_COMMON_BLOCKS = YES;
				GCC_WARN_64_TO_32_BIT_CONVERSION = YES;
				GCC_WARN_ABOUT_RETURN_TYPE = YES_ERROR;
				GCC_WARN_UNDECLARED_SELECTOR = YES;
				GCC_WARN_UNINITIALIZED_AUTOS = YES_AGGRESSIVE;
				GCC_WARN_UNUSED_FUNCTION = YES;
				GCC_WARN_UNUSED_VARIABLE = YES;
				IPHONEOS_DEPLOYMENT_TARGET = 18.2;
				LOCALIZATION_PREFERS_STRING_CATALOGS = YES;
				MTL_ENABLE_DEBUG_INFO = NO;
				MTL_FAST_MATH = YES;
				SDKROOT = iphoneos;
				SWIFT_COMPILATION_MODE = wholemodule;
				VALIDATE_PRODUCT = YES;
			};
			name = Release;
		};
		2C12BACA2D6E50D0005AC0B0 /* Debug */ = {
			isa = XCBuildConfiguration;
			buildSettings = {
				ASSETCATALOG_COMPILER_APPICON_NAME = AppIcon;
				ASSETCATALOG_COMPILER_GLOBAL_ACCENT_COLOR_NAME = AccentColor;
				CODE_SIGN_ENTITLEMENTS = KneeRecoveryApp/KneeRecoveryApp.entitlements;
				CODE_SIGN_STYLE = Automatic;
				CURRENT_PROJECT_VERSION = 1;
				DEVELOPMENT_ASSET_PATHS = "\"KneeRecoveryApp/Preview Content\"";
				DEVELOPMENT_TEAM = 2MLHSW6S86;
				ENABLE_PREVIEWS = YES;
				GENERATE_INFOPLIST_FILE = YES;
				INFOPLIST_FILE = KneeRecoveryApp/Info.plist;
				INFOPLIST_KEY_NSCameraUsageDescription = "Camera access is required to track your exercises and provide real-time feedback.";
				INFOPLIST_KEY_NSMicrophoneUsageDescription = "Microphone access is required to listen to your voice commands during exercises.";
				INFOPLIST_KEY_NSSpeechRecognitionUsageDescription = "Speech recognition is used to understand your voice commands during exercises.";
				INFOPLIST_KEY_UIApplicationSceneManifest_Generation = YES;
				INFOPLIST_KEY_UIApplicationSupportsIndirectInputEvents = YES;
				INFOPLIST_KEY_UILaunchScreen_Generation = YES;
				INFOPLIST_KEY_UISupportedInterfaceOrientations_iPad = "UIInterfaceOrientationPortrait UIInterfaceOrientationPortraitUpsideDown UIInterfaceOrientationLandscapeLeft UIInterfaceOrientationLandscapeRight";
				INFOPLIST_KEY_UISupportedInterfaceOrientations_iPhone = "UIInterfaceOrientationPortrait UIInterfaceOrientationLandscapeLeft UIInterfaceOrientationLandscapeRight";
				LD_RUNPATH_SEARCH_PATHS = (
					"$(inherited)",
					"@executable_path/Frameworks",
				);
				MARKETING_VERSION = 1.0;
				PRODUCT_BUNDLE_IDENTIFIER = yanffyy.xyz.KneeRecoveryApp;
				PRODUCT_NAME = "$(TARGET_NAME)";
				SWIFT_EMIT_LOC_STRINGS = YES;
				SWIFT_VERSION = 5.0;
				TARGETED_DEVICE_FAMILY = "1,2";
			};
			name = Debug;
		};
		2C12BACB2D6E50D0005AC0B0 /* Release */ = {
			isa = XCBuildConfiguration;
			buildSettings = {
				ASSETCATALOG_COMPILER_APPICON_NAME = AppIcon;
				ASSETCATALOG_COMPILER_GLOBAL_ACCENT_COLOR_NAME = AccentColor;
				CODE_SIGN_ENTITLEMENTS = KneeRecoveryApp/KneeRecoveryApp.entitlements;
				CODE_SIGN_STYLE = Automatic;
				CURRENT_PROJECT_VERSION = 1;
				DEVELOPMENT_ASSET_PATHS = "\"KneeRecoveryApp/Preview Content\"";
				DEVELOPMENT_TEAM = 2MLHSW6S86;
				ENABLE_PREVIEWS = YES;
				GENERATE_INFOPLIST_FILE = YES;
				INFOPLIST_FILE = KneeRecoveryApp/Info.plist;
				INFOPLIST_KEY_NSCameraUsageDescription = "Camera access is required to track your exercises and provide real-time feedback.";
				INFOPLIST_KEY_NSMicrophoneUsageDescription = "Microphone access is required to listen to your voice commands during exercises.";
				INFOPLIST_KEY_NSSpeechRecognitionUsageDescription = "Speech recognition is used to understand your voice commands during exercises.";
				INFOPLIST_KEY_UIApplicationSceneManifest_Generation = YES;
				INFOPLIST_KEY_UIApplicationSupportsIndirectInputEvents = YES;
				INFOPLIST_KEY_UILaunchScreen_Generation = YES;
				INFOPLIST_KEY_UISupportedInterfaceOrientations_iPad = "UIInterfaceOrientationPortrait UIInterfaceOrientationPortraitUpsideDown UIInterfaceOrientationLandscapeLeft UIInterfaceOrientationLandscapeRight";
				INFOPLIST_KEY_UISupportedInterfaceOrientations_iPhone = "UIInterfaceOrientationPortrait UIInterfaceOrientationLandscapeLeft UIInterfaceOrientationLandscapeRight";
				LD_RUNPATH_SEARCH_PATHS = (
					"$(inherited)",
					"@executable_path/Frameworks",
				);
				MARKETING_VERSION = 1.0;
				PRODUCT_BUNDLE_IDENTIFIER = yanffyy.xyz.KneeRecoveryApp;
				PRODUCT_NAME = "$(TARGET_NAME)";
				SWIFT_EMIT_LOC_STRINGS = YES;
				SWIFT_VERSION = 5.0;
				TARGETED_DEVICE_FAMILY = "1,2";
			};
			name = Release;
		};
		2C12BACD2D6E50D0005AC0B0 /* Debug */ = {
			isa = XCBuildConfiguration;
			buildSettings = {
				BUNDLE_LOADER = "$(TEST_HOST)";
				CODE_SIGN_STYLE = Automatic;
				CURRENT_PROJECT_VERSION = 1;
				DEVELOPMENT_TEAM = 2MLHSW6S86;
				GENERATE_INFOPLIST_FILE = YES;
				IPHONEOS_DEPLOYMENT_TARGET = 18.2;
				MARKETING_VERSION = 1.0;
				PRODUCT_BUNDLE_IDENTIFIER = yanffyy.xyz.KneeRecoveryAppTests;
				PRODUCT_NAME = "$(TARGET_NAME)";
				SWIFT_EMIT_LOC_STRINGS = NO;
				SWIFT_VERSION = 5.0;
				TARGETED_DEVICE_FAMILY = "1,2";
				TEST_HOST = "$(BUILT_PRODUCTS_DIR)/KneeRecoveryApp.app/$(BUNDLE_EXECUTABLE_FOLDER_PATH)/KneeRecoveryApp";
			};
			name = Debug;
		};
		2C12BACE2D6E50D0005AC0B0 /* Release */ = {
			isa = XCBuildConfiguration;
			buildSettings = {
				BUNDLE_LOADER = "$(TEST_HOST)";
				CODE_SIGN_STYLE = Automatic;
				CURRENT_PROJECT_VERSION = 1;
				DEVELOPMENT_TEAM = 2MLHSW6S86;
				GENERATE_INFOPLIST_FILE = YES;
				IPHONEOS_DEPLOYMENT_TARGET = 18.2;
				MARKETING_VERSION = 1.0;
				PRODUCT_BUNDLE_IDENTIFIER = yanffyy.xyz.KneeRecoveryAppTests;
				PRODUCT_NAME = "$(TARGET_NAME)";
				SWIFT_EMIT_LOC_STRINGS = NO;
				SWIFT_VERSION = 5.0;
				TARGETED_DEVICE_FAMILY = "1,2";
				TEST_HOST = "$(BUILT_PRODUCTS_DIR)/KneeRecoveryApp.app/$(BUNDLE_EXECUTABLE_FOLDER_PATH)/KneeRecoveryApp";
			};
			name = Release;
		};
		2C12BAD02D6E50D0005AC0B0 /* Debug */ = {
			isa = XCBuildConfiguration;
			buildSettings = {
				CODE_SIGN_STYLE = Automatic;
				CURRENT_PROJECT_VERSION = 1;
				DEVELOPMENT_TEAM = 2MLHSW6S86;
				GENERATE_INFOPLIST_FILE = YES;
				MARKETING_VERSION = 1.0;
				PRODUCT_BUNDLE_IDENTIFIER = yanffyy.xyz.KneeRecoveryAppUITests;
				PRODUCT_NAME = "$(TARGET_NAME)";
				SWIFT_EMIT_LOC_STRINGS = NO;
				SWIFT_VERSION = 5.0;
				TARGETED_DEVICE_FAMILY = "1,2";
				TEST_TARGET_NAME = KneeRecoveryApp;
			};
			name = Debug;
		};
		2C12BAD12D6E50D0005AC0B0 /* Release */ = {
			isa = XCBuildConfiguration;
			buildSettings = {
				CODE_SIGN_STYLE = Automatic;
				CURRENT_PROJECT_VERSION = 1;
				DEVELOPMENT_TEAM = 2MLHSW6S86;
				GENERATE_INFOPLIST_FILE = YES;
				MARKETING_VERSION = 1.0;
				PRODUCT_BUNDLE_IDENTIFIER = yanffyy.xyz.KneeRecoveryAppUITests;
				PRODUCT_NAME = "$(TARGET_NAME)";
				SWIFT_EMIT_LOC_STRINGS = NO;
				SWIFT_VERSION = 5.0;
				TARGETED_DEVICE_FAMILY = "1,2";
				TEST_TARGET_NAME = KneeRecoveryApp;
			};
			name = Release;
		};
/* End XCBuildConfiguration section */

/* Begin XCConfigurationList section */
		2C12BAA02D6E50CF005AC0B0 /* Build configuration list for PBXProject "KneeRecoveryApp" */ = {
			isa = XCConfigurationList;
			buildConfigurations = (
				2C12BAC72D6E50D0005AC0B0 /* Debug */,
				2C12BAC82D6E50D0005AC0B0 /* Release */,
			);
			defaultConfigurationIsVisible = 0;
			defaultConfigurationName = Release;
		};
		2C12BAC92D6E50D0005AC0B0 /* Build configuration list for PBXNativeTarget "KneeRecoveryApp" */ = {
			isa = XCConfigurationList;
			buildConfigurations = (
				2C12BACA2D6E50D0005AC0B0 /* Debug */,
				2C12BACB2D6E50D0005AC0B0 /* Release */,
			);
			defaultConfigurationIsVisible = 0;
			defaultConfigurationName = Release;
		};
		2C12BACC2D6E50D0005AC0B0 /* Build configuration list for PBXNativeTarget "KneeRecoveryAppTests" */ = {
			isa = XCConfigurationList;
			buildConfigurations = (
				2C12BACD2D6E50D0005AC0B0 /* Debug */,
				2C12BACE2D6E50D0005AC0B0 /* Release */,
			);
			defaultConfigurationIsVisible = 0;
			defaultConfigurationName = Release;
		};
		2C12BACF2D6E50D0005AC0B0 /* Build configuration list for PBXNativeTarget "KneeRecoveryAppUITests" */ = {
			isa = XCConfigurationList;
			buildConfigurations = (
				2C12BAD02D6E50D0005AC0B0 /* Debug */,
				2C12BAD12D6E50D0005AC0B0 /* Release */,
			);
			defaultConfigurationIsVisible = 0;
			defaultConfigurationName = Release;
		};
/* End XCConfigurationList section */

/* Begin XCRemoteSwiftPackageReference section */
		2C12BAFC2D6E532F005AC0B0 /* XCRemoteSwiftPackageReference "ElevenLabsSwift" */ = {
			isa = XCRemoteSwiftPackageReference;
			repositoryURL = "https://github.com/elevenlabs/ElevenLabsSwift";
			requirement = {
				branch = main;
				kind = branch;
			};
		};
		2CD9D02E2D801CF1007F31A0 /* XCRemoteSwiftPackageReference "SDWebImageSwiftUI" */ = {
			isa = XCRemoteSwiftPackageReference;
			repositoryURL = "https://github.com/SDWebImage/SDWebImageSwiftUI.git";
			requirement = {
				kind = upToNextMajorVersion;
				minimumVersion = 3.1.3;
			};
		};
		2CD9D03A2D8146DE007F31A0 /* XCRemoteSwiftPackageReference "firebase-ios-sdk" */ = {
			isa = XCRemoteSwiftPackageReference;
			repositoryURL = "https://github.com/firebase/firebase-ios-sdk";
			requirement = {
				kind = upToNextMajorVersion;
				minimumVersion = 11.9.0;
			};
		};
/* End XCRemoteSwiftPackageReference section */

/* Begin XCSwiftPackageProductDependency section */
		2C12BAFD2D6E532F005AC0B0 /* ElevenLabsSDK */ = {
			isa = XCSwiftPackageProductDependency;
			package = 2C12BAFC2D6E532F005AC0B0 /* XCRemoteSwiftPackageReference "ElevenLabsSwift" */;
			productName = ElevenLabsSDK;
		};
		2CD9D02F2D801CF1007F31A0 /* SDWebImageSwiftUI */ = {
			isa = XCSwiftPackageProductDependency;
			package = 2CD9D02E2D801CF1007F31A0 /* XCRemoteSwiftPackageReference "SDWebImageSwiftUI" */;
			productName = SDWebImageSwiftUI;
		};
		2CD9D03B2D8146DE007F31A0 /* FirebaseAnalytics */ = {
			isa = XCSwiftPackageProductDependency;
			package = 2CD9D03A2D8146DE007F31A0 /* XCRemoteSwiftPackageReference "firebase-ios-sdk" */;
			productName = FirebaseAnalytics;
		};
		2CD9D03D2D8146DE007F31A0 /* FirebaseAnalyticsOnDeviceConversion */ = {
			isa = XCSwiftPackageProductDependency;
			package = 2CD9D03A2D8146DE007F31A0 /* XCRemoteSwiftPackageReference "firebase-ios-sdk" */;
			productName = FirebaseAnalyticsOnDeviceConversion;
		};
		2CD9D03F2D8146DE007F31A0 /* FirebaseAnalyticsWithoutAdIdSupport */ = {
			isa = XCSwiftPackageProductDependency;
			package = 2CD9D03A2D8146DE007F31A0 /* XCRemoteSwiftPackageReference "firebase-ios-sdk" */;
			productName = FirebaseAnalyticsWithoutAdIdSupport;
		};
		2CD9D0412D8146DE007F31A0 /* FirebaseAppCheck */ = {
			isa = XCSwiftPackageProductDependency;
			package = 2CD9D03A2D8146DE007F31A0 /* XCRemoteSwiftPackageReference "firebase-ios-sdk" */;
			productName = FirebaseAppCheck;
		};
		2CD9D0432D8146DE007F31A0 /* FirebaseAppDistribution-Beta */ = {
			isa = XCSwiftPackageProductDependency;
			package = 2CD9D03A2D8146DE007F31A0 /* XCRemoteSwiftPackageReference "firebase-ios-sdk" */;
			productName = "FirebaseAppDistribution-Beta";
		};
		2CD9D0452D8146DE007F31A0 /* FirebaseAuth */ = {
			isa = XCSwiftPackageProductDependency;
			package = 2CD9D03A2D8146DE007F31A0 /* XCRemoteSwiftPackageReference "firebase-ios-sdk" */;
			productName = FirebaseAuth;
		};
		2CD9D0472D8146DE007F31A0 /* FirebaseAuthCombine-Community */ = {
			isa = XCSwiftPackageProductDependency;
			package = 2CD9D03A2D8146DE007F31A0 /* XCRemoteSwiftPackageReference "firebase-ios-sdk" */;
			productName = "FirebaseAuthCombine-Community";
		};
		2CD9D0492D8146DE007F31A0 /* FirebaseCore */ = {
			isa = XCSwiftPackageProductDependency;
			package = 2CD9D03A2D8146DE007F31A0 /* XCRemoteSwiftPackageReference "firebase-ios-sdk" */;
			productName = FirebaseCore;
		};
		2CD9D04B2D8146DE007F31A0 /* FirebaseDatabase */ = {
			isa = XCSwiftPackageProductDependency;
			package = 2CD9D03A2D8146DE007F31A0 /* XCRemoteSwiftPackageReference "firebase-ios-sdk" */;
			productName = FirebaseDatabase;
		};
		2CD9D04D2D8146DE007F31A0 /* FirebaseFirestore */ = {
			isa = XCSwiftPackageProductDependency;
			package = 2CD9D03A2D8146DE007F31A0 /* XCRemoteSwiftPackageReference "firebase-ios-sdk" */;
			productName = FirebaseFirestore;
		};
		2CD9D04F2D8146DE007F31A0 /* FirebaseFunctions */ = {
			isa = XCSwiftPackageProductDependency;
			package = 2CD9D03A2D8146DE007F31A0 /* XCRemoteSwiftPackageReference "firebase-ios-sdk" */;
			productName = FirebaseFunctions;
		};
		2CD9D0512D8146DE007F31A0 /* FirebaseInAppMessaging-Beta */ = {
			isa = XCSwiftPackageProductDependency;
			package = 2CD9D03A2D8146DE007F31A0 /* XCRemoteSwiftPackageReference "firebase-ios-sdk" */;
			productName = "FirebaseInAppMessaging-Beta";
		};
		2CD9D0532D8146DE007F31A0 /* FirebaseStorage */ = {
			isa = XCSwiftPackageProductDependency;
			package = 2CD9D03A2D8146DE007F31A0 /* XCRemoteSwiftPackageReference "firebase-ios-sdk" */;
			productName = FirebaseStorage;
		};
/* End XCSwiftPackageProductDependency section */
	};
	rootObject = 2C12BA9D2D6E50CF005AC0B0 /* Project object */;
}
